{
  "name": "dev-cloudcode",
  "lockfileVersion": 3,
  "requires": true,
  "packages": {
    "": {
      "devDependencies": {
        "nuxi": "^3.25.1"
      }
    },
    "node_modules/nuxi": {
      "version": "3.25.1",
      "resolved": "https://registry.npmjs.org/nuxi/-/nuxi-3.25.1.tgz",
      "integrity": "sha512-NeZDRVdn58QF3+clrkKRXE3PtfhE4hkmj8/Wqf6th707SDqmdBb/KZV2BE4lwL+FhgEDgtN7AMF8WZCkicudXg==",
      "dev": true,
      "bin": {
        "nuxi": "bin/nuxi.mjs",
        "nuxi-ng": "bin/nuxi.mjs",
        "nuxt": "bin/nuxi.mjs",
        "nuxt-cli": "bin/nuxi.mjs"
      },
      "engines": {
        "node": "^16.10.0 || >=18.0.0"
      }
    }
  }
}
